
Microsoft Visual Studio Solution File, Format Version 12.00
# Visual Studio Version 17
VisualStudioVersion = 17.5.33530.505
MinimumVisualStudioVersion = 10.0.40219.1
Project("{54A90642-561A-4BB1-A94E-469ADEE60C69}") = "angularapp", "angularapp\angularapp.esproj", "{99920729-BDB2-425F-A3D4-8B39F25846E1}"
EndProject
Project("{9A19103F-16F7-4668-BE54-9A1E7A4F7556}") = "webapi", "webapi\webapi.csproj", "{F317F521-B0D0-4182-A734-D76A8944BCF0}"
EndProject
Global
	GlobalSection(SolutionConfigurationPlatforms) = preSolution
		Debug|Any CPU = Debug|Any CPU
		Release|Any CPU = Release|Any CPU
	EndGlobalSection
	GlobalSection(ProjectConfigurationPlatforms) = postSolution
		{99920729-BDB2-425F-A3D4-8B39F25846E1}.Debug|Any CPU.ActiveCfg = Debug|Any CPU
		{99920729-BDB2-425F-A3D4-8B39F25846E1}.Debug|Any CPU.Build.0 = Debug|Any CPU
		{99920729-BDB2-425F-A3D4-8B39F25846E1}.Debug|Any CPU.Deploy.0 = Debug|Any CPU
		{99920729-BDB2-425F-A3D4-8B39F25846E1}.Release|Any CPU.ActiveCfg = Release|Any CPU
		{99920729-BDB2-425F-A3D4-8B39F25846E1}.Release|Any CPU.Build.0 = Release|Any CPU
		{99920729-BDB2-425F-A3D4-8B39F25846E1}.Release|Any CPU.Deploy.0 = Release|Any CPU
		{F317F521-B0D0-4182-A734-D76A8944BCF0}.Debug|Any CPU.ActiveCfg = Debug|Any CPU
		{F317F521-B0D0-4182-A734-D76A8944BCF0}.Debug|Any CPU.Build.0 = Debug|Any CPU
		{F317F521-B0D0-4182-A734-D76A8944BCF0}.Release|Any CPU.ActiveCfg = Release|Any CPU
		{F317F521-B0D0-4182-A734-D76A8944BCF0}.Release|Any CPU.Build.0 = Release|Any CPU
	EndGlobalSection
	GlobalSection(SolutionProperties) = preSolution
		HideSolutionNode = FALSE
	EndGlobalSection
	GlobalSection(ExtensibilityGlobals) = postSolution
		SolutionGuid = {C0DA848B-F844-4353-AA35-F8343DD4E008}
	EndGlobalSection
EndGlobal
